
Microsoft Visual Studio Solution File, Format Version 12.00
# Visual Studio 2012
Project("{FAE04EC0-301F-11D3-BF4B-00C04F79EFBC}") = "MvcSeoUrls", "MvcSeoUrls\MvcSeoUrls.csproj", "{05A98955-B8CA-40E8-ACA7-45D413D6E375}"
EndProject
Project("{FAE04EC0-301F-11D3-BF4B-00C04F79EFBC}") = "MvcSeoUrls.Tests", "MvcSeoUrls.Tests\MvcSeoUrls.Tests.csproj", "{739F3F69-8FFF-452A-9C1A-27037353DC87}"
EndProject
Global
	GlobalSection(SolutionConfigurationPlatforms) = preSolution
		Debug|Any CPU = Debug|Any CPU
		Release|Any CPU = Release|Any CPU
	EndGlobalSection
	GlobalSection(ProjectConfigurationPlatforms) = postSolution
		{05A98955-B8CA-40E8-ACA7-45D413D6E375}.Debug|Any CPU.ActiveCfg = Debug|Any CPU
		{05A98955-B8CA-40E8-ACA7-45D413D6E375}.Debug|Any CPU.Build.0 = Debug|Any CPU
		{05A98955-B8CA-40E8-ACA7-45D413D6E375}.Release|Any CPU.ActiveCfg = Release|Any CPU
		{05A98955-B8CA-40E8-ACA7-45D413D6E375}.Release|Any CPU.Build.0 = Release|Any CPU
		{739F3F69-8FFF-452A-9C1A-27037353DC87}.Debug|Any CPU.ActiveCfg = Debug|Any CPU
		{739F3F69-8FFF-452A-9C1A-27037353DC87}.Debug|Any CPU.Build.0 = Debug|Any CPU
		{739F3F69-8FFF-452A-9C1A-27037353DC87}.Release|Any CPU.ActiveCfg = Release|Any CPU
		{739F3F69-8FFF-452A-9C1A-27037353DC87}.Release|Any CPU.Build.0 = Release|Any CPU
	EndGlobalSection
	GlobalSection(SolutionProperties) = preSolution
		HideSolutionNode = FALSE
	EndGlobalSection
EndGlobal
